
Microsoft Visual Studio Solution File, Format Version 12.00
# Visual Studio 15
VisualStudioVersion = 15.0.26124.0
MinimumVisualStudioVersion = 15.0.26124.0
Project("{2150E333-8FDC-42A3-9474-1A3956D46DE8}") = "src", "src", "{165670EC-5D23-4062-BAD3-82DCEC45BE24}"
EndProject
Project("{FAE04EC0-301F-11D3-BF4B-00C04F79EFBC}") = "IdentityServerWithAspIdAndEF", "src\IdentityServerWithAspIdAndEF\IdentityServerWithAspIdAndEF.csproj", "{A3EBAF3F-728F-4F50-BC26-227C2DA714DE}"
EndProject
Project("{FAE04EC0-301F-11D3-BF4B-00C04F79EFBC}") = "Api", "src\Api\Api.csproj", "{6E8CCDBC-4740-4987-BC86-BA20205782C8}"
EndProject
Project("{FAE04EC0-301F-11D3-BF4B-00C04F79EFBC}") = "Client", "src\Client\Client.csproj", "{444E1A14-EF7B-417D-8E97-971F7EF1BEEF}"
EndProject
Project("{FAE04EC0-301F-11D3-BF4B-00C04F79EFBC}") = "MvcClient", "src\MvcClient\MvcClient.csproj", "{51F476D8-2DF7-440C-9CC3-F2D58581D08C}"
EndProject
Project("{FAE04EC0-301F-11D3-BF4B-00C04F79EFBC}") = "ResourceOwner", "src\ResourceOwner\ResourceOwner.csproj", "{FA3BE212-9A6F-42C6-94D7-10873FB0B322}"
EndProject
Global
	GlobalSection(SolutionConfigurationPlatforms) = preSolution
		Debug|Any CPU = Debug|Any CPU
		Debug|x64 = Debug|x64
		Debug|x86 = Debug|x86
		Release|Any CPU = Release|Any CPU
		Release|x64 = Release|x64
		Release|x86 = Release|x86
	EndGlobalSection
	GlobalSection(SolutionProperties) = preSolution
		HideSolutionNode = FALSE
	EndGlobalSection
	GlobalSection(ProjectConfigurationPlatforms) = postSolution
		{A3EBAF3F-728F-4F50-BC26-227C2DA714DE}.Debug|Any CPU.ActiveCfg = Debug|Any CPU
		{A3EBAF3F-728F-4F50-BC26-227C2DA714DE}.Debug|Any CPU.Build.0 = Debug|Any CPU
		{A3EBAF3F-728F-4F50-BC26-227C2DA714DE}.Debug|x64.ActiveCfg = Debug|Any CPU
		{A3EBAF3F-728F-4F50-BC26-227C2DA714DE}.Debug|x64.Build.0 = Debug|Any CPU
		{A3EBAF3F-728F-4F50-BC26-227C2DA714DE}.Debug|x86.ActiveCfg = Debug|Any CPU
		{A3EBAF3F-728F-4F50-BC26-227C2DA714DE}.Debug|x86.Build.0 = Debug|Any CPU
		{A3EBAF3F-728F-4F50-BC26-227C2DA714DE}.Release|Any CPU.ActiveCfg = Release|Any CPU
		{A3EBAF3F-728F-4F50-BC26-227C2DA714DE}.Release|Any CPU.Build.0 = Release|Any CPU
		{A3EBAF3F-728F-4F50-BC26-227C2DA714DE}.Release|x64.ActiveCfg = Release|Any CPU
		{A3EBAF3F-728F-4F50-BC26-227C2DA714DE}.Release|x64.Build.0 = Release|Any CPU
		{A3EBAF3F-728F-4F50-BC26-227C2DA714DE}.Release|x86.ActiveCfg = Release|Any CPU
		{A3EBAF3F-728F-4F50-BC26-227C2DA714DE}.Release|x86.Build.0 = Release|Any CPU
		{6E8CCDBC-4740-4987-BC86-BA20205782C8}.Debug|Any CPU.ActiveCfg = Debug|Any CPU
		{6E8CCDBC-4740-4987-BC86-BA20205782C8}.Debug|Any CPU.Build.0 = Debug|Any CPU
		{6E8CCDBC-4740-4987-BC86-BA20205782C8}.Debug|x64.ActiveCfg = Debug|Any CPU
		{6E8CCDBC-4740-4987-BC86-BA20205782C8}.Debug|x64.Build.0 = Debug|Any CPU
		{6E8CCDBC-4740-4987-BC86-BA20205782C8}.Debug|x86.ActiveCfg = Debug|Any CPU
		{6E8CCDBC-4740-4987-BC86-BA20205782C8}.Debug|x86.Build.0 = Debug|Any CPU
		{6E8CCDBC-4740-4987-BC86-BA20205782C8}.Release|Any CPU.ActiveCfg = Release|Any CPU
		{6E8CCDBC-4740-4987-BC86-BA20205782C8}.Release|Any CPU.Build.0 = Release|Any CPU
		{6E8CCDBC-4740-4987-BC86-BA20205782C8}.Release|x64.ActiveCfg = Release|Any CPU
		{6E8CCDBC-4740-4987-BC86-BA20205782C8}.Release|x64.Build.0 = Release|Any CPU
		{6E8CCDBC-4740-4987-BC86-BA20205782C8}.Release|x86.ActiveCfg = Release|Any CPU
		{6E8CCDBC-4740-4987-BC86-BA20205782C8}.Release|x86.Build.0 = Release|Any CPU
		{444E1A14-EF7B-417D-8E97-971F7EF1BEEF}.Debug|Any CPU.ActiveCfg = Debug|Any CPU
		{444E1A14-EF7B-417D-8E97-971F7EF1BEEF}.Debug|Any CPU.Build.0 = Debug|Any CPU
		{444E1A14-EF7B-417D-8E97-971F7EF1BEEF}.Debug|x64.ActiveCfg = Debug|Any CPU
		{444E1A14-EF7B-417D-8E97-971F7EF1BEEF}.Debug|x64.Build.0 = Debug|Any CPU
		{444E1A14-EF7B-417D-8E97-971F7EF1BEEF}.Debug|x86.ActiveCfg = Debug|Any CPU
		{444E1A14-EF7B-417D-8E97-971F7EF1BEEF}.Debug|x86.Build.0 = Debug|Any CPU
		{444E1A14-EF7B-417D-8E97-971F7EF1BEEF}.Release|Any CPU.ActiveCfg = Release|Any CPU
		{444E1A14-EF7B-417D-8E97-971F7EF1BEEF}.Release|Any CPU.Build.0 = Release|Any CPU
		{444E1A14-EF7B-417D-8E97-971F7EF1BEEF}.Release|x64.ActiveCfg = Release|Any CPU
		{444E1A14-EF7B-417D-8E97-971F7EF1BEEF}.Release|x64.Build.0 = Release|Any CPU
		{444E1A14-EF7B-417D-8E97-971F7EF1BEEF}.Release|x86.ActiveCfg = Release|Any CPU
		{444E1A14-EF7B-417D-8E97-971F7EF1BEEF}.Release|x86.Build.0 = Release|Any CPU
		{51F476D8-2DF7-440C-9CC3-F2D58581D08C}.Debug|Any CPU.ActiveCfg = Debug|Any CPU
		{51F476D8-2DF7-440C-9CC3-F2D58581D08C}.Debug|Any CPU.Build.0 = Debug|Any CPU
		{51F476D8-2DF7-440C-9CC3-F2D58581D08C}.Debug|x64.ActiveCfg = Debug|Any CPU
		{51F476D8-2DF7-440C-9CC3-F2D58581D08C}.Debug|x64.Build.0 = Debug|Any CPU
		{51F476D8-2DF7-440C-9CC3-F2D58581D08C}.Debug|x86.ActiveCfg = Debug|Any CPU
		{51F476D8-2DF7-440C-9CC3-F2D58581D08C}.Debug|x86.Build.0 = Debug|Any CPU
		{51F476D8-2DF7-440C-9CC3-F2D58581D08C}.Release|Any CPU.ActiveCfg = Release|Any CPU
		{51F476D8-2DF7-440C-9CC3-F2D58581D08C}.Release|Any CPU.Build.0 = Release|Any CPU
		{51F476D8-2DF7-440C-9CC3-F2D58581D08C}.Release|x64.ActiveCfg = Release|Any CPU
		{51F476D8-2DF7-440C-9CC3-F2D58581D08C}.Release|x64.Build.0 = Release|Any CPU
		{51F476D8-2DF7-440C-9CC3-F2D58581D08C}.Release|x86.ActiveCfg = Release|Any CPU
		{51F476D8-2DF7-440C-9CC3-F2D58581D08C}.Release|x86.Build.0 = Release|Any CPU
		{FA3BE212-9A6F-42C6-94D7-10873FB0B322}.Debug|Any CPU.ActiveCfg = Debug|Any CPU
		{FA3BE212-9A6F-42C6-94D7-10873FB0B322}.Debug|Any CPU.Build.0 = Debug|Any CPU
		{FA3BE212-9A6F-42C6-94D7-10873FB0B322}.Debug|x64.ActiveCfg = Debug|Any CPU
		{FA3BE212-9A6F-42C6-94D7-10873FB0B322}.Debug|x64.Build.0 = Debug|Any CPU
		{FA3BE212-9A6F-42C6-94D7-10873FB0B322}.Debug|x86.ActiveCfg = Debug|Any CPU
		{FA3BE212-9A6F-42C6-94D7-10873FB0B322}.Debug|x86.Build.0 = Debug|Any CPU
		{FA3BE212-9A6F-42C6-94D7-10873FB0B322}.Release|Any CPU.ActiveCfg = Release|Any CPU
		{FA3BE212-9A6F-42C6-94D7-10873FB0B322}.Release|Any CPU.Build.0 = Release|Any CPU
		{FA3BE212-9A6F-42C6-94D7-10873FB0B322}.Release|x64.ActiveCfg = Release|Any CPU
		{FA3BE212-9A6F-42C6-94D7-10873FB0B322}.Release|x64.Build.0 = Release|Any CPU
		{FA3BE212-9A6F-42C6-94D7-10873FB0B322}.Release|x86.ActiveCfg = Release|Any CPU
		{FA3BE212-9A6F-42C6-94D7-10873FB0B322}.Release|x86.Build.0 = Release|Any CPU
	EndGlobalSection
	GlobalSection(NestedProjects) = preSolution
		{A3EBAF3F-728F-4F50-BC26-227C2DA714DE} = {165670EC-5D23-4062-BAD3-82DCEC45BE24}
		{6E8CCDBC-4740-4987-BC86-BA20205782C8} = {165670EC-5D23-4062-BAD3-82DCEC45BE24}
		{444E1A14-EF7B-417D-8E97-971F7EF1BEEF} = {165670EC-5D23-4062-BAD3-82DCEC45BE24}
		{51F476D8-2DF7-440C-9CC3-F2D58581D08C} = {165670EC-5D23-4062-BAD3-82DCEC45BE24}
		{FA3BE212-9A6F-42C6-94D7-10873FB0B322} = {165670EC-5D23-4062-BAD3-82DCEC45BE24}
	EndGlobalSection
EndGlobal
